{
  "name": "beet-web-components",
  "version": "0.0.11",
  "lockfileVersion": 3,
  "requires": true,
  "packages": {
    "": {
      "name": "beet-web-components",
      "version": "0.0.11",
      "dependencies": {
        "@material/web": "^1.5.0",
        "esbuild": "^0.21.4",
        "lit": "^3.1.2",
        "path": "^0.12.7"
      },
      "devDependencies": {
        "@types/dom-speech-recognition": "^0.0.4",
        "@types/node": "^20.12.12",
        "esbuild-css-modules-plugin": "^3.1.2",
        "typescript": "^5.2.2"
      }
    },
    "node_modules/@esbuild/aix-ppc64": {
      "version": "0.21.4",
      "resolved": "https://registry.npmjs.org/@esbuild/aix-ppc64/-/aix-ppc64-0.21.4.tgz",
      "integrity": "sha512-Zrm+B33R4LWPLjDEVnEqt2+SLTATlru1q/xYKVn8oVTbiRBGmK2VIMoIYGJDGyftnGaC788IuzGFAlb7IQ0Y8A==",
      "cpu": [
        "ppc64"
      ],
      "optional": true,
      "os": [
        "aix"
      ],
      "engines": {
        "node": ">=12"
      }
    },
    "node_modules/@esbuild/android-arm": {
      "version": "0.21.4",
      "resolved": "https://registry.npmjs.org/@esbuild/android-arm/-/android-arm-0.21.4.tgz",
      "integrity": "sha512-E7H/yTd8kGQfY4z9t3nRPk/hrhaCajfA3YSQSBrst8B+3uTcgsi8N+ZWYCaeIDsiVs6m65JPCaQN/DxBRclF3A==",
      "cpu": [
        "arm"
      ],
      "optional": true,
      "os": [
        "android"
      ],
      "engines": {
        "node": ">=12"
      }
    },
    "node_modules/@esbuild/android-arm64": {
      "version": "0.21.4",
      "resolved": "https://registry.npmjs.org/@esbuild/android-arm64/-/android-arm64-0.21.4.tgz",
      "integrity": "sha512-fYFnz+ObClJ3dNiITySBUx+oNalYUT18/AryMxfovLkYWbutXsct3Wz2ZWAcGGppp+RVVX5FiXeLYGi97umisA==",
      "cpu": [
        "arm64"
      ],
      "optional": true,
      "os": [
        "android"
      ],
      "engines": {
        "node": ">=12"
      }
    },
    "node_modules/@esbuild/android-x64": {
      "version": "0.21.4",
      "resolved": "https://registry.npmjs.org/@esbuild/android-x64/-/android-x64-0.21.4.tgz",
      "integrity": "sha512-mDqmlge3hFbEPbCWxp4fM6hqq7aZfLEHZAKGP9viq9wMUBVQx202aDIfc3l+d2cKhUJM741VrCXEzRFhPDKH3Q==",
      "cpu": [
        "x64"
      ],
      "optional": true,
      "os": [
        "android"
      ],
      "engines": {
        "node": ">=12"
      }
    },
    "node_modules/@esbuild/darwin-arm64": {
      "version": "0.21.4",
      "resolved": "https://registry.npmjs.org/@esbuild/darwin-arm64/-/darwin-arm64-0.21.4.tgz",
      "integrity": "sha512-72eaIrDZDSiWqpmCzVaBD58c8ea8cw/U0fq/PPOTqE3c53D0xVMRt2ooIABZ6/wj99Y+h4ksT/+I+srCDLU9TA==",
      "cpu": [
        "arm64"
      ],
      "optional": true,
      "os": [
        "darwin"
      ],
      "engines": {
        "node": ">=12"
      }
    },
    "node_modules/@esbuild/darwin-x64": {
      "version": "0.21.4",
      "resolved": "https://registry.npmjs.org/@esbuild/darwin-x64/-/darwin-x64-0.21.4.tgz",
      "integrity": "sha512-uBsuwRMehGmw1JC7Vecu/upOjTsMhgahmDkWhGLWxIgUn2x/Y4tIwUZngsmVb6XyPSTXJYS4YiASKPcm9Zitag==",
      "cpu": [
        "x64"
      ],
      "optional": true,
      "os": [
        "darwin"
      ],
      "engines": {
        "node": ">=12"
      }
    },
    "node_modules/@esbuild/freebsd-arm64": {
      "version": "0.21.4",
      "resolved": "https://registry.npmjs.org/@esbuild/freebsd-arm64/-/freebsd-arm64-0.21.4.tgz",
      "integrity": "sha512-8JfuSC6YMSAEIZIWNL3GtdUT5NhUA/CMUCpZdDRolUXNAXEE/Vbpe6qlGLpfThtY5NwXq8Hi4nJy4YfPh+TwAg==",
      "cpu": [
        "arm64"
      ],
      "optional": true,
      "os": [
        "freebsd"
      ],
      "engines": {
        "node": ">=12"
      }
    },
    "node_modules/@esbuild/freebsd-x64": {
      "version": "0.21.4",
      "resolved": "https://registry.npmjs.org/@esbuild/freebsd-x64/-/freebsd-x64-0.21.4.tgz",
      "integrity": "sha512-8d9y9eQhxv4ef7JmXny7591P/PYsDFc4+STaxC1GBv0tMyCdyWfXu2jBuqRsyhY8uL2HU8uPyscgE2KxCY9imQ==",
      "cpu": [
        "x64"
      ],
      "optional": true,
      "os": [
        "freebsd"
      ],
      "engines": {
        "node": ">=12"
      }
    },
    "node_modules/@esbuild/linux-arm": {
      "version": "0.21.4",
      "resolved": "https://registry.npmjs.org/@esbuild/linux-arm/-/linux-arm-0.21.4.tgz",
      "integrity": "sha512-2rqFFefpYmpMs+FWjkzSgXg5vViocqpq5a1PSRgT0AvSgxoXmGF17qfGAzKedg6wAwyM7UltrKVo9kxaJLMF/g==",
      "cpu": [
        "arm"
      ],
      "optional": true,
      "os": [
        "linux"
      ],
      "engines": {
        "node": ">=12"
      }
    },
    "node_modules/@esbuild/linux-arm64": {
      "version": "0.21.4",
      "resolved": "https://registry.npmjs.org/@esbuild/linux-arm64/-/linux-arm64-0.21.4.tgz",
      "integrity": "sha512-/GLD2orjNU50v9PcxNpYZi+y8dJ7e7/LhQukN3S4jNDXCKkyyiyAz9zDw3siZ7Eh1tRcnCHAo/WcqKMzmi4eMQ==",
      "cpu": [
        "arm64"
      ],
      "optional": true,
      "os": [
        "linux"
      ],
      "engines": {
        "node": ">=12"
      }
    },
    "node_modules/@esbuild/linux-ia32": {
      "version": "0.21.4",
      "resolved": "https://registry.npmjs.org/@esbuild/linux-ia32/-/linux-ia32-0.21.4.tgz",
      "integrity": "sha512-pNftBl7m/tFG3t2m/tSjuYeWIffzwAZT9m08+9DPLizxVOsUl8DdFzn9HvJrTQwe3wvJnwTdl92AonY36w/25g==",
      "cpu": [
        "ia32"
      ],
      "optional": true,
      "os": [
        "linux"
      ],
      "engines": {
        "node": ">=12"
      }
    },
    "node_modules/@esbuild/linux-loong64": {
      "version": "0.21.4",
      "resolved": "https://registry.npmjs.org/@esbuild/linux-loong64/-/linux-loong64-0.21.4.tgz",
      "integrity": "sha512-cSD2gzCK5LuVX+hszzXQzlWya6c7hilO71L9h4KHwqI4qeqZ57bAtkgcC2YioXjsbfAv4lPn3qe3b00Zt+jIfQ==",
      "cpu": [
        "loong64"
      ],
      "optional": true,
      "os": [
        "linux"
      ],
      "engines": {
        "node": ">=12"
      }
    },
    "node_modules/@esbuild/linux-mips64el": {
      "version": "0.21.4",
      "resolved": "https://registry.npmjs.org/@esbuild/linux-mips64el/-/linux-mips64el-0.21.4.tgz",
      "integrity": "sha512-qtzAd3BJh7UdbiXCrg6npWLYU0YpufsV9XlufKhMhYMJGJCdfX/G6+PNd0+v877X1JG5VmjBLUiFB0o8EUSicA==",
      "cpu": [
        "mips64el"
      ],
      "optional": true,
      "os": [
        "linux"
      ],
      "engines": {
        "node": ">=12"
      }
    },
    "node_modules/@esbuild/linux-ppc64": {
      "version": "0.21.4",
      "resolved": "https://registry.npmjs.org/@esbuild/linux-ppc64/-/linux-ppc64-0.21.4.tgz",
      "integrity": "sha512-yB8AYzOTaL0D5+2a4xEy7OVvbcypvDR05MsB/VVPVA7nL4hc5w5Dyd/ddnayStDgJE59fAgNEOdLhBxjfx5+dg==",
      "cpu": [
        "ppc64"
      ],
      "optional": true,
      "os": [
        "linux"
      ],
      "engines": {
        "node": ">=12"
      }
    },
    "node_modules/@esbuild/linux-riscv64": {
      "version": "0.21.4",
      "resolved": "https://registry.npmjs.org/@esbuild/linux-riscv64/-/linux-riscv64-0.21.4.tgz",
      "integrity": "sha512-Y5AgOuVzPjQdgU59ramLoqSSiXddu7F3F+LI5hYy/d1UHN7K5oLzYBDZe23QmQJ9PIVUXwOdKJ/jZahPdxzm9w==",
      "cpu": [
        "riscv64"
      ],
      "optional": true,
      "os": [
        "linux"
      ],
      "engines": {
        "node": ">=12"
      }
    },
    "node_modules/@esbuild/linux-s390x": {
      "version": "0.21.4",
      "resolved": "https://registry.npmjs.org/@esbuild/linux-s390x/-/linux-s390x-0.21.4.tgz",
      "integrity": "sha512-Iqc/l/FFwtt8FoTK9riYv9zQNms7B8u+vAI/rxKuN10HgQIXaPzKZc479lZ0x6+vKVQbu55GdpYpeNWzjOhgbA==",
      "cpu": [
        "s390x"
      ],
      "optional": true,
      "os": [
        "linux"
      ],
      "engines": {
        "node": ">=12"
      }
    },
    "node_modules/@esbuild/linux-x64": {
      "version": "0.21.4",
      "resolved": "https://registry.npmjs.org/@esbuild/linux-x64/-/linux-x64-0.21.4.tgz",
      "integrity": "sha512-Td9jv782UMAFsuLZINfUpoF5mZIbAj+jv1YVtE58rFtfvoKRiKSkRGQfHTgKamLVT/fO7203bHa3wU122V/Bdg==",
      "cpu": [
        "x64"
      ],
      "optional": true,
      "os": [
        "linux"
      ],
      "engines": {
        "node": ">=12"
      }
    },
    "node_modules/@esbuild/netbsd-x64": {
      "version": "0.21.4",
      "resolved": "https://registry.npmjs.org/@esbuild/netbsd-x64/-/netbsd-x64-0.21.4.tgz",
      "integrity": "sha512-Awn38oSXxsPMQxaV0Ipb7W/gxZtk5Tx3+W+rAPdZkyEhQ6968r9NvtkjhnhbEgWXYbgV+JEONJ6PcdBS+nlcpA==",
      "cpu": [
        "x64"
      ],
      "optional": true,
      "os": [
        "netbsd"
      ],
      "engines": {
        "node": ">=12"
      }
    },
    "node_modules/@esbuild/openbsd-x64": {
      "version": "0.21.4",
      "resolved": "https://registry.npmjs.org/@esbuild/openbsd-x64/-/openbsd-x64-0.21.4.tgz",
      "integrity": "sha512-IsUmQeCY0aU374R82fxIPu6vkOybWIMc3hVGZ3ChRwL9hA1TwY+tS0lgFWV5+F1+1ssuvvXt3HFqe8roCip8Hg==",
      "cpu": [
        "x64"
      ],
      "optional": true,
      "os": [
        "openbsd"
      ],
      "engines": {
        "node": ">=12"
      }
    },
    "node_modules/@esbuild/sunos-x64": {
      "version": "0.21.4",
      "resolved": "https://registry.npmjs.org/@esbuild/sunos-x64/-/sunos-x64-0.21.4.tgz",
      "integrity": "sha512-hsKhgZ4teLUaDA6FG/QIu2q0rI6I36tZVfM4DBZv3BG0mkMIdEnMbhc4xwLvLJSS22uWmaVkFkqWgIS0gPIm+A==",
      "cpu": [
        "x64"
      ],
      "optional": true,
      "os": [
        "sunos"
      ],
      "engines": {
        "node": ">=12"
      }
    },
    "node_modules/@esbuild/win32-arm64": {
      "version": "0.21.4",
      "resolved": "https://registry.npmjs.org/@esbuild/win32-arm64/-/win32-arm64-0.21.4.tgz",
      "integrity": "sha512-UUfMgMoXPoA/bvGUNfUBFLCh0gt9dxZYIx9W4rfJr7+hKe5jxxHmfOK8YSH4qsHLLN4Ck8JZ+v7Q5fIm1huErg==",
      "cpu": [
        "arm64"
      ],
      "optional": true,
      "os": [
        "win32"
      ],
      "engines": {
        "node": ">=12"
      }
    },
    "node_modules/@esbuild/win32-ia32": {
      "version": "0.21.4",
      "resolved": "https://registry.npmjs.org/@esbuild/win32-ia32/-/win32-ia32-0.21.4.tgz",
      "integrity": "sha512-yIxbspZb5kGCAHWm8dexALQ9en1IYDfErzjSEq1KzXFniHv019VT3mNtTK7t8qdy4TwT6QYHI9sEZabONHg+aw==",
      "cpu": [
        "ia32"
      ],
      "optional": true,
      "os": [
        "win32"
      ],
      "engines": {
        "node": ">=12"
      }
    },
    "node_modules/@esbuild/win32-x64": {
      "version": "0.21.4",
      "resolved": "https://registry.npmjs.org/@esbuild/win32-x64/-/win32-x64-0.21.4.tgz",
      "integrity": "sha512-sywLRD3UK/qRJt0oBwdpYLBibk7KiRfbswmWRDabuncQYSlf8aLEEUor/oP6KRz8KEG+HoiVLBhPRD5JWjS8Sg==",
      "cpu": [
        "x64"
      ],
      "optional": true,
      "os": [
        "win32"
      ],
      "engines": {
        "node": ">=12"
      }
    },
    "node_modules/@lit-labs/ssr-dom-shim": {
      "version": "1.2.0",
      "resolved": "https://registry.npmjs.org/@lit-labs/ssr-dom-shim/-/ssr-dom-shim-1.2.0.tgz",
      "integrity": "sha512-yWJKmpGE6lUURKAaIltoPIE/wrbY3TEkqQt+X0m+7fQNnAv0keydnYvbiJFP1PnMhizmIWRWOG5KLhYyc/xl+g=="
    },
    "node_modules/@lit/reactive-element": {
      "version": "2.0.4",
      "resolved": "https://registry.npmjs.org/@lit/reactive-element/-/reactive-element-2.0.4.tgz",
      "integrity": "sha512-GFn91inaUa2oHLak8awSIigYz0cU0Payr1rcFsrkf5OJ5eSPxElyZfKh0f2p9FsTiZWXQdWGJeXZICEfXXYSXQ==",
      "dependencies": {
        "@lit-labs/ssr-dom-shim": "^1.2.0"
      }
    },
    "node_modules/@material/web": {
      "version": "1.5.0",
      "resolved": "https://registry.npmjs.org/@material/web/-/web-1.5.0.tgz",
      "integrity": "sha512-aM2TVCU8Ozh3QS5cckRalmWkNCKK3Y6uhB3skIozP6jIqYX1PDhme/URrHGcWk44k2qqmR7R+X8GEBAu8N/NCQ==",
      "dependencies": {
        "lit": "^2.7.4 || ^3.0.0",
        "tslib": "^2.4.0"
      }
    },
    "node_modules/@types/dom-speech-recognition": {
      "version": "0.0.4",
      "resolved": "https://registry.npmjs.org/@types/dom-speech-recognition/-/dom-speech-recognition-0.0.4.tgz",
      "integrity": "sha512-zf2GwV/G6TdaLwpLDcGTIkHnXf8JEf/viMux+khqKQKDa8/8BAUtXXZS563GnvJ4Fg0PBLGAaFf2GekEVSZ6GQ==",
      "dev": true
    },
    "node_modules/@types/node": {
      "version": "20.12.12",
      "resolved": "https://registry.npmjs.org/@types/node/-/node-20.12.12.tgz",
      "integrity": "sha512-eWLDGF/FOSPtAvEqeRAQ4C8LSA7M1I7i0ky1I8U7kD1J5ITyW3AsRhQrKVoWf5pFKZ2kILsEGJhsI9r93PYnOw==",
      "dev": true,
      "dependencies": {
        "undici-types": "~5.26.4"
      }
    },
    "node_modules/@types/trusted-types": {
      "version": "2.0.7",
      "resolved": "https://registry.npmjs.org/@types/trusted-types/-/trusted-types-2.0.7.tgz",
      "integrity": "sha512-ScaPdn1dQczgbl0QFTeTOmVHFULt394XJgOQNoyVhZ6r2vLnMLJfBPd53SB52T/3G36VI1/g2MZaX0cwDuXsfw=="
    },
    "node_modules/detect-libc": {
      "version": "1.0.3",
      "resolved": "https://registry.npmjs.org/detect-libc/-/detect-libc-1.0.3.tgz",
      "integrity": "sha512-pGjwhsmsp4kL2RTz08wcOlGN83otlqHeD/Z5T8GXZB+/YcpQ/dgo+lbU8ZsGxV0HIvqqxo9l7mqYwyYMD9bKDg==",
      "dev": true,
      "bin": {
        "detect-libc": "bin/detect-libc.js"
      },
      "engines": {
        "node": ">=0.10"
      }
    },
    "node_modules/esbuild": {
      "version": "0.21.4",
      "resolved": "https://registry.npmjs.org/esbuild/-/esbuild-0.21.4.tgz",
      "integrity": "sha512-sFMcNNrj+Q0ZDolrp5pDhH0nRPN9hLIM3fRPwgbLYJeSHHgnXSnbV3xYgSVuOeLWH9c73VwmEverVzupIv5xuA==",
      "hasInstallScript": true,
      "bin": {
        "esbuild": "bin/esbuild"
      },
      "engines": {
        "node": ">=12"
      },
      "optionalDependencies": {
        "@esbuild/aix-ppc64": "0.21.4",
        "@esbuild/android-arm": "0.21.4",
        "@esbuild/android-arm64": "0.21.4",
        "@esbuild/android-x64": "0.21.4",
        "@esbuild/darwin-arm64": "0.21.4",
        "@esbuild/darwin-x64": "0.21.4",
        "@esbuild/freebsd-arm64": "0.21.4",
        "@esbuild/freebsd-x64": "0.21.4",
        "@esbuild/linux-arm": "0.21.4",
        "@esbuild/linux-arm64": "0.21.4",
        "@esbuild/linux-ia32": "0.21.4",
        "@esbuild/linux-loong64": "0.21.4",
        "@esbuild/linux-mips64el": "0.21.4",
        "@esbuild/linux-ppc64": "0.21.4",
        "@esbuild/linux-riscv64": "0.21.4",
        "@esbuild/linux-s390x": "0.21.4",
        "@esbuild/linux-x64": "0.21.4",
        "@esbuild/netbsd-x64": "0.21.4",
        "@esbuild/openbsd-x64": "0.21.4",
        "@esbuild/sunos-x64": "0.21.4",
        "@esbuild/win32-arm64": "0.21.4",
        "@esbuild/win32-ia32": "0.21.4",
        "@esbuild/win32-x64": "0.21.4"
      }
    },
    "node_modules/esbuild-css-modules-plugin": {
      "version": "3.1.2",
      "resolved": "https://registry.npmjs.org/esbuild-css-modules-plugin/-/esbuild-css-modules-plugin-3.1.2.tgz",
      "integrity": "sha512-XRpRuRT3m1Pk456djTvrq1AOEj+OB8sa8PdGN/Yha6eL8Im0TIYPq0CELgQU6DDKkHlYET++3sXZVjiF/kcgQw==",
      "dev": true,
      "dependencies": {
        "lightningcss": "^1.24.1",
        "lodash-es": "^4.17.21"
      },
      "engines": {
        "node": ">= 16.20.0"
      },
      "peerDependencies": {
        "esbuild": "*"
      }
    },
    "node_modules/inherits": {
      "version": "2.0.3",
      "resolved": "https://registry.npmjs.org/inherits/-/inherits-2.0.3.tgz",
      "integrity": "sha512-x00IRNXNy63jwGkJmzPigoySHbaqpNuzKbBOmzK+g2OdZpQ9w+sxCN+VSB3ja7IAge2OP2qpfxTjeNcyjmW1uw=="
    },
    "node_modules/lightningcss": {
      "version": "1.25.1",
      "resolved": "https://registry.npmjs.org/lightningcss/-/lightningcss-1.25.1.tgz",
      "integrity": "sha512-V0RMVZzK1+rCHpymRv4URK2lNhIRyO8g7U7zOFwVAhJuat74HtkjIQpQRKNCwFEYkRGpafOpmXXLoaoBcyVtBg==",
      "dev": true,
      "dependencies": {
        "detect-libc": "^1.0.3"
      },
      "engines": {
        "node": ">= 12.0.0"
      },
      "funding": {
        "type": "opencollective",
        "url": "https://opencollective.com/parcel"
      },
      "optionalDependencies": {
        "lightningcss-darwin-arm64": "1.25.1",
        "lightningcss-darwin-x64": "1.25.1",
        "lightningcss-freebsd-x64": "1.25.1",
        "lightningcss-linux-arm-gnueabihf": "1.25.1",
        "lightningcss-linux-arm64-gnu": "1.25.1",
        "lightningcss-linux-arm64-musl": "1.25.1",
        "lightningcss-linux-x64-gnu": "1.25.1",
        "lightningcss-linux-x64-musl": "1.25.1",
        "lightningcss-win32-x64-msvc": "1.25.1"
      }
    },
    "node_modules/lightningcss-darwin-arm64": {
      "version": "1.25.1",
      "resolved": "https://registry.npmjs.org/lightningcss-darwin-arm64/-/lightningcss-darwin-arm64-1.25.1.tgz",
      "integrity": "sha512-G4Dcvv85bs5NLENcu/s1f7ehzE3D5ThnlWSDwE190tWXRQCQaqwcuHe+MGSVI/slm0XrxnaayXY+cNl3cSricw==",
      "cpu": [
        "arm64"
      ],
      "dev": true,
      "optional": true,
      "os": [
        "darwin"
      ],
      "engines": {
        "node": ">= 12.0.0"
      },
      "funding": {
        "type": "opencollective",
        "url": "https://opencollective.com/parcel"
      }
    },
    "node_modules/lightningcss-darwin-x64": {
      "version": "1.25.1",
      "resolved": "https://registry.npmjs.org/lightningcss-darwin-x64/-/lightningcss-darwin-x64-1.25.1.tgz",
      "integrity": "sha512-dYWuCzzfqRueDSmto6YU5SoGHvZTMU1Em9xvhcdROpmtOQLorurUZz8+xFxZ51lCO2LnYbfdjZ/gCqWEkwixNg==",
      "cpu": [
        "x64"
      ],
      "dev": true,
      "optional": true,
      "os": [
        "darwin"
      ],
      "engines": {
        "node": ">= 12.0.0"
      },
      "funding": {
        "type": "opencollective",
        "url": "https://opencollective.com/parcel"
      }
    },
    "node_modules/lightningcss-freebsd-x64": {
      "version": "1.25.1",
      "resolved": "https://registry.npmjs.org/lightningcss-freebsd-x64/-/lightningcss-freebsd-x64-1.25.1.tgz",
      "integrity": "sha512-hXoy2s9A3KVNAIoKz+Fp6bNeY+h9c3tkcx1J3+pS48CqAt+5bI/R/YY4hxGL57fWAIquRjGKW50arltD6iRt/w==",
      "cpu": [
        "x64"
      ],
      "dev": true,
      "optional": true,
      "os": [
        "freebsd"
      ],
      "engines": {
        "node": ">= 12.0.0"
      },
      "funding": {
        "type": "opencollective",
        "url": "https://opencollective.com/parcel"
      }
    },
    "node_modules/lightningcss-linux-arm-gnueabihf": {
      "version": "1.25.1",
      "resolved": "https://registry.npmjs.org/lightningcss-linux-arm-gnueabihf/-/lightningcss-linux-arm-gnueabihf-1.25.1.tgz",
      "integrity": "sha512-tWyMgHFlHlp1e5iW3EpqvH5MvsgoN7ZkylBbG2R2LWxnvH3FuWCJOhtGcYx9Ks0Kv0eZOBud789odkYLhyf1ng==",
      "cpu": [
        "arm"
      ],
      "dev": true,
      "optional": true,
      "os": [
        "linux"
      ],
      "engines": {
        "node": ">= 12.0.0"
      },
      "funding": {
        "type": "opencollective",
        "url": "https://opencollective.com/parcel"
      }
    },
    "node_modules/lightningcss-linux-arm64-gnu": {
      "version": "1.25.1",
      "resolved": "https://registry.npmjs.org/lightningcss-linux-arm64-gnu/-/lightningcss-linux-arm64-gnu-1.25.1.tgz",
      "integrity": "sha512-Xjxsx286OT9/XSnVLIsFEDyDipqe4BcLeB4pXQ/FEA5+2uWCCuAEarUNQumRucnj7k6ftkAHUEph5r821KBccQ==",
      "cpu": [
        "arm64"
      ],
      "dev": true,
      "optional": true,
      "os": [
        "linux"
      ],
      "engines": {
        "node": ">= 12.0.0"
      },
      "funding": {
        "type": "opencollective",
        "url": "https://opencollective.com/parcel"
      }
    },
    "node_modules/lightningcss-linux-arm64-musl": {
      "version": "1.25.1",
      "resolved": "https://registry.npmjs.org/lightningcss-linux-arm64-musl/-/lightningcss-linux-arm64-musl-1.25.1.tgz",
      "integrity": "sha512-IhxVFJoTW8wq6yLvxdPvyHv4NjzcpN1B7gjxrY3uaykQNXPHNIpChLB52+wfH+yS58zm1PL4LemUp8u9Cfp6Bw==",
      "cpu": [
        "arm64"
      ],
      "dev": true,
      "optional": true,
      "os": [
        "linux"
      ],
      "engines": {
        "node": ">= 12.0.0"
      },
      "funding": {
        "type": "opencollective",
        "url": "https://opencollective.com/parcel"
      }
    },
    "node_modules/lightningcss-linux-x64-gnu": {
      "version": "1.25.1",
      "resolved": "https://registry.npmjs.org/lightningcss-linux-x64-gnu/-/lightningcss-linux-x64-gnu-1.25.1.tgz",
      "integrity": "sha512-RXIaru79KrREPEd6WLXfKfIp4QzoppZvD3x7vuTKkDA64PwTzKJ2jaC43RZHRt8BmyIkRRlmywNhTRMbmkPYpA==",
      "cpu": [
        "x64"
      ],
      "dev": true,
      "optional": true,
      "os": [
        "linux"
      ],
      "engines": {
        "node": ">= 12.0.0"
      },
      "funding": {
        "type": "opencollective",
        "url": "https://opencollective.com/parcel"
      }
    },
    "node_modules/lightningcss-linux-x64-musl": {
      "version": "1.25.1",
      "resolved": "https://registry.npmjs.org/lightningcss-linux-x64-musl/-/lightningcss-linux-x64-musl-1.25.1.tgz",
      "integrity": "sha512-TdcNqFsAENEEFr8fJWg0Y4fZ/nwuqTRsIr7W7t2wmDUlA8eSXVepeeONYcb+gtTj1RaXn/WgNLB45SFkz+XBZA==",
      "cpu": [
        "x64"
      ],
      "dev": true,
      "optional": true,
      "os": [
        "linux"
      ],
      "engines": {
        "node": ">= 12.0.0"
      },
      "funding": {
        "type": "opencollective",
        "url": "https://opencollective.com/parcel"
      }
    },
    "node_modules/lightningcss-win32-x64-msvc": {
      "version": "1.25.1",
      "resolved": "https://registry.npmjs.org/lightningcss-win32-x64-msvc/-/lightningcss-win32-x64-msvc-1.25.1.tgz",
      "integrity": "sha512-9KZZkmmy9oGDSrnyHuxP6iMhbsgChUiu/NSgOx+U1I/wTngBStDf2i2aGRCHvFqj19HqqBEI4WuGVQBa2V6e0A==",
      "cpu": [
        "x64"
      ],
      "dev": true,
      "optional": true,
      "os": [
        "win32"
      ],
      "engines": {
        "node": ">= 12.0.0"
      },
      "funding": {
        "type": "opencollective",
        "url": "https://opencollective.com/parcel"
      }
    },
    "node_modules/lit": {
      "version": "3.1.3",
      "resolved": "https://registry.npmjs.org/lit/-/lit-3.1.3.tgz",
      "integrity": "sha512-l4slfspEsnCcHVRTvaP7YnkTZEZggNFywLEIhQaGhYDczG+tu/vlgm/KaWIEjIp+ZyV20r2JnZctMb8LeLCG7Q==",
      "dependencies": {
        "@lit/reactive-element": "^2.0.4",
        "lit-element": "^4.0.4",
        "lit-html": "^3.1.2"
      }
    },
    "node_modules/lit-element": {
      "version": "4.0.5",
      "resolved": "https://registry.npmjs.org/lit-element/-/lit-element-4.0.5.tgz",
      "integrity": "sha512-iTWskWZEtn9SyEf4aBG6rKT8GABZMrTWop1+jopsEOgEcugcXJGKuX5bEbkq9qfzY+XB4MAgCaSPwnNpdsNQ3Q==",
      "dependencies": {
        "@lit-labs/ssr-dom-shim": "^1.2.0",
        "@lit/reactive-element": "^2.0.4",
        "lit-html": "^3.1.2"
      }
    },
    "node_modules/lit-html": {
      "version": "3.1.3",
      "resolved": "https://registry.npmjs.org/lit-html/-/lit-html-3.1.3.tgz",
      "integrity": "sha512-FwIbqDD8O/8lM4vUZ4KvQZjPPNx7V1VhT7vmRB8RBAO0AU6wuTVdoXiu2CivVjEGdugvcbPNBLtPE1y0ifplHA==",
      "dependencies": {
        "@types/trusted-types": "^2.0.2"
      }
    },
    "node_modules/lodash-es": {
      "version": "4.17.21",
      "resolved": "https://registry.npmjs.org/lodash-es/-/lodash-es-4.17.21.tgz",
      "integrity": "sha512-mKnC+QJ9pWVzv+C4/U3rRsHapFfHvQFoFB92e52xeyGMcX6/OlIl78je1u8vePzYZSkkogMPJ2yjxxsb89cxyw==",
      "dev": true
    },
    "node_modules/path": {
      "version": "0.12.7",
      "resolved": "https://registry.npmjs.org/path/-/path-0.12.7.tgz",
      "integrity": "sha512-aXXC6s+1w7otVF9UletFkFcDsJeO7lSZBPUQhtb5O0xJe8LtYhj/GxldoL09bBj9+ZmE2hNoHqQSFMN5fikh4Q==",
      "dependencies": {
        "process": "^0.11.1",
        "util": "^0.10.3"
      }
    },
    "node_modules/process": {
      "version": "0.11.10",
      "resolved": "https://registry.npmjs.org/process/-/process-0.11.10.tgz",
      "integrity": "sha512-cdGef/drWFoydD1JsMzuFf8100nZl+GT+yacc2bEced5f9Rjk4z+WtFUTBu9PhOi9j/jfmBPu0mMEY4wIdAF8A==",
      "engines": {
        "node": ">= 0.6.0"
      }
    },
    "node_modules/tslib": {
      "version": "2.6.2",
      "resolved": "https://registry.npmjs.org/tslib/-/tslib-2.6.2.tgz",
      "integrity": "sha512-AEYxH93jGFPn/a2iVAwW87VuUIkR1FVUKB77NwMF7nBTDkDrrT/Hpt/IrCJ0QXhW27jTBDcf5ZY7w6RiqTMw2Q=="
    },
    "node_modules/typescript": {
      "version": "5.4.5",
      "resolved": "https://registry.npmjs.org/typescript/-/typescript-5.4.5.tgz",
      "integrity": "sha512-vcI4UpRgg81oIRUFwR0WSIHKt11nJ7SAVlYNIu+QpqeyXP+gpQJy/Z4+F0aGxSE4MqwjyXvW/TzgkLAx2AGHwQ==",
      "dev": true,
      "bin": {
        "tsc": "bin/tsc",
        "tsserver": "bin/tsserver"
      },
      "engines": {
        "node": ">=14.17"
      }
    },
    "node_modules/undici-types": {
      "version": "5.26.5",
      "resolved": "https://registry.npmjs.org/undici-types/-/undici-types-5.26.5.tgz",
      "integrity": "sha512-JlCMO+ehdEIKqlFxk6IfVoAUVmgz7cU7zD/h9XZ0qzeosSHmUJVOzSQvvYSYWXkFXC+IfLKSIffhv0sVZup6pA==",
      "dev": true
    },
    "node_modules/util": {
      "version": "0.10.4",
      "resolved": "https://registry.npmjs.org/util/-/util-0.10.4.tgz",
      "integrity": "sha512-0Pm9hTQ3se5ll1XihRic3FDIku70C+iHUdT/W926rSgHV5QgXsYbKZN8MSC3tJtSkhuROzvsQjAaFENRXr+19A==",
      "dependencies": {
        "inherits": "2.0.3"
      }
    }
  }
}
